# @generated - this file is auto-generated by `mise lock` https://mise.jdx.dev/dev-tools/mise-lock.html

lockfile_version = 3

[[tools."github:VictoriaMetrics/mcp-victorialogs"]]
version = "1.9.0"
backend = "github:VictoriaMetrics/mcp-victorialogs"
specifiers = ["v1.9.0"]

[tools."github:VictoriaMetrics/mcp-victorialogs"."platforms.linux-arm64"]
checksum = "sha256:35c4cdbf28eab62c0dc160d64001a7e16f6dd5f68689f85430e89149d72b5078"
url = "https://github.com/VictoriaMetrics/mcp-victorialogs/releases/download/v1.9.0/mcp-victorialogs_Linux_arm64.tar.gz"
url_api = "https://api.github.com/repos/VictoriaMetrics/mcp-victorialogs/releases/assets/393220313"

[tools."github:VictoriaMetrics/mcp-victorialogs"."platforms.linux-arm64-musl"]
checksum = "sha256:35c4cdbf28eab62c0dc160d64001a7e16f6dd5f68689f85430e89149d72b5078"
url = "https://github.com/VictoriaMetrics/mcp-victorialogs/releases/download/v1.9.0/mcp-victorialogs_Linux_arm64.tar.gz"
url_api = "https://api.github.com/repos/VictoriaMetrics/mcp-victorialogs/releases/assets/393220313"

[tools."github:VictoriaMetrics/mcp-victorialogs"."platforms.linux-x64"]
checksum = "sha256:66f68c07f780ec41c9283df19d1df77a7824a1830fdcdb4b6a5ebb84f0b1f871"
url = "https://github.com/VictoriaMetrics/mcp-victorialogs/releases/download/v1.9.0/mcp-victorialogs_Linux_x86_64.tar.gz"
url_api = "https://api.github.com/repos/VictoriaMetrics/mcp-victorialogs/releases/assets/393220315"

[tools."github:VictoriaMetrics/mcp-victorialogs"."platforms.linux-x64-musl"]
checksum = "sha256:66f68c07f780ec41c9283df19d1df77a7824a1830fdcdb4b6a5ebb84f0b1f871"
url = "https://github.com/VictoriaMetrics/mcp-victorialogs/releases/download/v1.9.0/mcp-victorialogs_Linux_x86_64.tar.gz"
url_api = "https://api.github.com/repos/VictoriaMetrics/mcp-victorialogs/releases/assets/393220315"

[tools."github:VictoriaMetrics/mcp-victorialogs"."platforms.macos-arm64"]
checksum = "sha256:601edbc5fba4a6f18bb62e4dbedef9b6bf55660b635b7bc8f62cb7c3490bc361"
url = "https://github.com/VictoriaMetrics/mcp-victorialogs/releases/download/v1.9.0/mcp-victorialogs_Darwin_arm64.tar.gz"
url_api = "https://api.github.com/repos/VictoriaMetrics/mcp-victorialogs/releases/assets/393220323"

[tools."github:VictoriaMetrics/mcp-victorialogs"."platforms.macos-x64"]
checksum = "sha256:22b58f6a3941518deea48f756bc24d968bc007d451857ead1ae82f1e87010d5b"
url = "https://github.com/VictoriaMetrics/mcp-victorialogs/releases/download/v1.9.0/mcp-victorialogs_Darwin_x86_64.tar.gz"
url_api = "https://api.github.com/repos/VictoriaMetrics/mcp-victorialogs/releases/assets/393220308"

[tools."github:VictoriaMetrics/mcp-victorialogs"."platforms.windows-x64"]
checksum = "sha256:35118a458f2a95aa3b88dd66b67dd2999786a1f4dc2876e3e536f13a12957ff4"
url = "https://github.com/VictoriaMetrics/mcp-victorialogs/releases/download/v1.9.0/mcp-victorialogs_Windows_x86_64.zip"
url_api = "https://api.github.com/repos/VictoriaMetrics/mcp-victorialogs/releases/assets/393220310"

[[tools."github:controlplaneio-fluxcd/flux-operator"]]
version = "0.61.0"
backend = "github:controlplaneio-fluxcd/flux-operator"
specifiers = ["v0.61.0"]

[tools."github:controlplaneio-fluxcd/flux-operator".options]
asset_pattern = "flux-operator-mcp_*_linux_amd64.tar.gz"

[tools."github:controlplaneio-fluxcd/flux-operator"."platforms.linux-arm64"]
checksum = "sha256:ac9ec6165e44aafbf602aaffbbf40f40b95bf6fb17a3172958ec1e14b3798e58"
url = "https://github.com/controlplaneio-fluxcd/flux-operator/releases/download/v0.61.0/flux-operator-mcp_0.61.0_linux_amd64.tar.gz"
url_api = "https://api.github.com/repos/controlplaneio-fluxcd/flux-operator/releases/assets/603141709"
provenance = "github-attestations"

[tools."github:controlplaneio-fluxcd/flux-operator"."platforms.linux-arm64-musl"]
checksum = "sha256:ac9ec6165e44aafbf602aaffbbf40f40b95bf6fb17a3172958ec1e14b3798e58"
url = "https://github.com/controlplaneio-fluxcd/flux-operator/releases/download/v0.61.0/flux-operator-mcp_0.61.0_linux_amd64.tar.gz"
url_api = "https://api.github.com/repos/controlplaneio-fluxcd/flux-operator/releases/assets/603141709"
provenance = "github-attestations"

[tools."github:controlplaneio-fluxcd/flux-operator"."platforms.linux-x64"]
checksum = "sha256:ac9ec6165e44aafbf602aaffbbf40f40b95bf6fb17a3172958ec1e14b3798e58"
url = "https://github.com/controlplaneio-fluxcd/flux-operator/releases/download/v0.61.0/flux-operator-mcp_0.61.0_linux_amd64.tar.gz"
url_api = "https://api.github.com/repos/controlplaneio-fluxcd/flux-operator/releases/assets/603141709"
provenance = "github-attestations"

[tools."github:controlplaneio-fluxcd/flux-operator"."platforms.linux-x64-musl"]
checksum = "sha256:ac9ec6165e44aafbf602aaffbbf40f40b95bf6fb17a3172958ec1e14b3798e58"
url = "https://github.com/controlplaneio-fluxcd/flux-operator/releases/download/v0.61.0/flux-operator-mcp_0.61.0_linux_amd64.tar.gz"
url_api = "https://api.github.com/repos/controlplaneio-fluxcd/flux-operator/releases/assets/603141709"
provenance = "github-attestations"

[tools."github:controlplaneio-fluxcd/flux-operator"."platforms.macos-arm64"]
checksum = "sha256:ac9ec6165e44aafbf602aaffbbf40f40b95bf6fb17a3172958ec1e14b3798e58"
url = "https://github.com/controlplaneio-fluxcd/flux-operator/releases/download/v0.61.0/flux-operator-mcp_0.61.0_linux_amd64.tar.gz"
url_api = "https://api.github.com/repos/controlplaneio-fluxcd/flux-operator/releases/assets/603141709"
provenance = "github-attestations"

[tools."github:controlplaneio-fluxcd/flux-operator"."platforms.macos-x64"]
checksum = "sha256:ac9ec6165e44aafbf602aaffbbf40f40b95bf6fb17a3172958ec1e14b3798e58"
url = "https://github.com/controlplaneio-fluxcd/flux-operator/releases/download/v0.61.0/flux-operator-mcp_0.61.0_linux_amd64.tar.gz"
url_api = "https://api.github.com/repos/controlplaneio-fluxcd/flux-operator/releases/assets/603141709"
provenance = "github-attestations"

[tools."github:controlplaneio-fluxcd/flux-operator"."platforms.windows-x64"]
checksum = "sha256:ac9ec6165e44aafbf602aaffbbf40f40b95bf6fb17a3172958ec1e14b3798e58"
url = "https://github.com/controlplaneio-fluxcd/flux-operator/releases/download/v0.61.0/flux-operator-mcp_0.61.0_linux_amd64.tar.gz"
url_api = "https://api.github.com/repos/controlplaneio-fluxcd/flux-operator/releases/assets/603141709"
provenance = "github-attestations"

[[tools."github:prometheus/prometheus-mcp"]]
version = "0.18.0"
backend = "github:prometheus/prometheus-mcp"
specifiers = ["v0.18.0"]

[tools."github:prometheus/prometheus-mcp".options]
asset_pattern = "prometheus-mcp-server_*_linux_amd64.tar.gz"

[tools."github:prometheus/prometheus-mcp"."platforms.linux-arm64"]
checksum = "sha256:50030346594a4b8d89294f3a2cb9e253caa0bd75e69fefbd9add289cafd6c27c"
url = "https://github.com/prometheus/prometheus-mcp/releases/download/v0.18.0/prometheus-mcp-server_0.18.0_linux_amd64.tar.gz"
url_api = "https://api.github.com/repos/prometheus/prometheus-mcp/releases/assets/405480228"

[tools."github:prometheus/prometheus-mcp"."platforms.linux-arm64-musl"]
checksum = "sha256:50030346594a4b8d89294f3a2cb9e253caa0bd75e69fefbd9add289cafd6c27c"
url = "https://github.com/prometheus/prometheus-mcp/releases/download/v0.18.0/prometheus-mcp-server_0.18.0_linux_amd64.tar.gz"
url_api = "https://api.github.com/repos/prometheus/prometheus-mcp/releases/assets/405480228"

[tools."github:prometheus/prometheus-mcp"."platforms.linux-x64"]
checksum = "sha256:50030346594a4b8d89294f3a2cb9e253caa0bd75e69fefbd9add289cafd6c27c"
url = "https://github.com/prometheus/prometheus-mcp/releases/download/v0.18.0/prometheus-mcp-server_0.18.0_linux_amd64.tar.gz"
url_api = "https://api.github.com/repos/prometheus/prometheus-mcp/releases/assets/405480228"

[tools."github:prometheus/prometheus-mcp"."platforms.linux-x64-musl"]
checksum = "sha256:50030346594a4b8d89294f3a2cb9e253caa0bd75e69fefbd9add289cafd6c27c"
url = "https://github.com/prometheus/prometheus-mcp/releases/download/v0.18.0/prometheus-mcp-server_0.18.0_linux_amd64.tar.gz"
url_api = "https://api.github.com/repos/prometheus/prometheus-mcp/releases/assets/405480228"

[tools."github:prometheus/prometheus-mcp"."platforms.macos-arm64"]
checksum = "sha256:50030346594a4b8d89294f3a2cb9e253caa0bd75e69fefbd9add289cafd6c27c"
url = "https://github.com/prometheus/prometheus-mcp/releases/download/v0.18.0/prometheus-mcp-server_0.18.0_linux_amd64.tar.gz"
url_api = "https://api.github.com/repos/prometheus/prometheus-mcp/releases/assets/405480228"

[tools."github:prometheus/prometheus-mcp"."platforms.macos-x64"]
checksum = "sha256:50030346594a4b8d89294f3a2cb9e253caa0bd75e69fefbd9add289cafd6c27c"
url = "https://github.com/prometheus/prometheus-mcp/releases/download/v0.18.0/prometheus-mcp-server_0.18.0_linux_amd64.tar.gz"
url_api = "https://api.github.com/repos/prometheus/prometheus-mcp/releases/assets/405480228"

[tools."github:prometheus/prometheus-mcp"."platforms.windows-x64"]
checksum = "sha256:50030346594a4b8d89294f3a2cb9e253caa0bd75e69fefbd9add289cafd6c27c"
url = "https://github.com/prometheus/prometheus-mcp/releases/download/v0.18.0/prometheus-mcp-server_0.18.0_linux_amd64.tar.gz"
url_api = "https://api.github.com/repos/prometheus/prometheus-mcp/releases/assets/405480228"
